
Microsoft Visual Studio Solution File, Format Version 12.00
# Visual Studio 15
VisualStudioVersion = 15.0.28307.168
MinimumVisualStudioVersion = 10.0.40219.1
Project("{FAE04EC0-301F-11D3-BF4B-00C04F79EFBC}") = "TestProject1", "TestProject1\TestProject1.csproj", "{5F028A5D-A093-4AA7-9CAE-6505D90AE1F8}"
EndProject
Project("{FAE04EC0-301F-11D3-BF4B-00C04F79EFBC}") = "TestProject2", "TestProject2\TestProject2.csproj", "{50B7FC79-1DEE-4F8A-B39F-08EF5CD9002B}"
EndProject
Project("{FAE04EC0-301F-11D3-BF4B-00C04F79EFBC}") = "ClassLibrary1", "ClassLibrary1\ClassLibrary1.csproj", "{FF111800-A993-4681-A195-5227E7513EC5}"
EndProject
Global
	GlobalSection(SolutionConfigurationPlatforms) = preSolution
		Debug|Any CPU = Debug|Any CPU
		Release|Any CPU = Release|Any CPU
	EndGlobalSection
	GlobalSection(ProjectConfigurationPlatforms) = postSolution
		{5F028A5D-A093-4AA7-9CAE-6505D90AE1F8}.Debug|Any CPU.ActiveCfg = Debug|Any CPU
		{5F028A5D-A093-4AA7-9CAE-6505D90AE1F8}.Debug|Any CPU.Build.0 = Debug|Any CPU
		{5F028A5D-A093-4AA7-9CAE-6505D90AE1F8}.Release|Any CPU.ActiveCfg = Release|Any CPU
		{5F028A5D-A093-4AA7-9CAE-6505D90AE1F8}.Release|Any CPU.Build.0 = Release|Any CPU
		{50B7FC79-1DEE-4F8A-B39F-08EF5CD9002B}.Debug|Any CPU.ActiveCfg = Debug|Any CPU
		{50B7FC79-1DEE-4F8A-B39F-08EF5CD9002B}.Debug|Any CPU.Build.0 = Debug|Any CPU
		{50B7FC79-1DEE-4F8A-B39F-08EF5CD9002B}.Release|Any CPU.ActiveCfg = Release|Any CPU
		{50B7FC79-1DEE-4F8A-B39F-08EF5CD9002B}.Release|Any CPU.Build.0 = Release|Any CPU
		{FF111800-A993-4681-A195-5227E7513EC5}.Debug|Any CPU.ActiveCfg = Debug|Any CPU
		{FF111800-A993-4681-A195-5227E7513EC5}.Debug|Any CPU.Build.0 = Debug|Any CPU
		{FF111800-A993-4681-A195-5227E7513EC5}.Release|Any CPU.ActiveCfg = Release|Any CPU
		{FF111800-A993-4681-A195-5227E7513EC5}.Release|Any CPU.Build.0 = Release|Any CPU
	EndGlobalSection
	GlobalSection(SolutionProperties) = preSolution
		HideSolutionNode = FALSE
	EndGlobalSection
	GlobalSection(ExtensibilityGlobals) = postSolution
		SolutionGuid = {800C413E-BB0E-4712-925E-B6644B5CE5B5}
	EndGlobalSection
EndGlobal
